
Microsoft Visual Studio Solution File, Format Version 12.00
# Visual Studio 15
VisualStudioVersion = 15.0.28307.779
MinimumVisualStudioVersion = 10.0.40219.1
Project("{FAE04EC0-301F-11D3-BF4B-00C04F79EFBC}") = "ConsoleTest", "ConsoleTest\ConsoleTest.csproj", "{659E90E3-DB88-4D89-B06E-27CA8B12D159}"
EndProject
Global
	GlobalSection(SolutionConfigurationPlatforms) = preSolution
		Debug|Any CPU = Debug|Any CPU
		Release|Any CPU = Release|Any CPU
	EndGlobalSection
	GlobalSection(ProjectConfigurationPlatforms) = postSolution
		{659E90E3-DB88-4D89-B06E-27CA8B12D159}.Debug|Any CPU.ActiveCfg = Debug|Any CPU
		{659E90E3-DB88-4D89-B06E-27CA8B12D159}.Debug|Any CPU.Build.0 = Debug|Any CPU
		{659E90E3-DB88-4D89-B06E-27CA8B12D159}.Release|Any CPU.ActiveCfg = Release|Any CPU
		{659E90E3-DB88-4D89-B06E-27CA8B12D159}.Release|Any CPU.Build.0 = Release|Any CPU
	EndGlobalSection
	GlobalSection(SolutionProperties) = preSolution
		HideSolutionNode = FALSE
	EndGlobalSection
	GlobalSection(ExtensibilityGlobals) = postSolution
		SolutionGuid = {FC899E90-AB02-40B7-B824-B5C0A09EB338}
	EndGlobalSection
EndGlobal
